
Microsoft Visual Studio Solution File, Format Version 12.00
# Visual Studio Version 17
VisualStudioVersion = 17.14.36511.14 d17.14
MinimumVisualStudioVersion = 10.0.40219.1
Project("{FAE04EC0-301F-11D3-BF4B-00C04F79EFBC}") = "Agencia_de_Viajes", "Agencia_de_Viajes\Agencia_de_Viajes.csproj", "{71DB1267-8F53-4D75-87D9-B7F614F1405D}"
EndProject
Global
	GlobalSection(SolutionConfigurationPlatforms) = preSolution
		Debug|Any CPU = Debug|Any CPU
		Release|Any CPU = Release|Any CPU
	EndGlobalSection
	GlobalSection(ProjectConfigurationPlatforms) = postSolution
		{71DB1267-8F53-4D75-87D9-B7F614F1405D}.Debug|Any CPU.ActiveCfg = Debug|Any CPU
		{71DB1267-8F53-4D75-87D9-B7F614F1405D}.Debug|Any CPU.Build.0 = Debug|Any CPU
		{71DB1267-8F53-4D75-87D9-B7F614F1405D}.Release|Any CPU.ActiveCfg = Release|Any CPU
		{71DB1267-8F53-4D75-87D9-B7F614F1405D}.Release|Any CPU.Build.0 = Release|Any CPU
	EndGlobalSection
	GlobalSection(SolutionProperties) = preSolution
		HideSolutionNode = FALSE
	EndGlobalSection
	GlobalSection(ExtensibilityGlobals) = postSolution
		SolutionGuid = {943F6290-7628-405C-B08F-321EE7143693}
	EndGlobalSection
EndGlobal
